// !$*UTF8*$!
{
	archiveVersion = 1;
	classes = {
	};
	objectVersion = 46;
	objects = {

/* Begin PBXBuildFile section */
		B072C78F1A509BC300A62FFD /* main.m in Sources */ = {isa = PBXBuildFile; fileRef = B072C78E1A509BC300A62FFD /* main.m */; };
		B072C7921A509BC300A62FFD /* AppDelegate.m in Sources */ = {isa = PBXBuildFile; fileRef = B072C7911A509BC300A62FFD /* AppDelegate.m */; };
		B072C7951A509BC300A62FFD /* ViewController.m in Sources */ = {isa = PBXBuildFile; fileRef = B072C7941A509BC300A62FFD /* ViewController.m */; };
		B072C7981A509BC300A62FFD /* Main.storyboard in Resources */ = {isa = PBXBuildFile; fileRef = B072C7961A509BC300A62FFD /* Main.storyboard */; };
		B072C79A1A509BC300A62FFD /* Images.xcassets in Resources */ = {isa = PBXBuildFile; fileRef = B072C7991A509BC300A62FFD /* Images.xcassets */; };
		B072C79D1A509BC300A62FFD /* LaunchScreen.xib in Resources */ = {isa = PBXBuildFile; fileRef = B072C79B1A509BC300A62FFD /* LaunchScreen.xib */; };
		B072C7A91A509BC300A62FFD /* TaxCalculatorAppTests.m in Sources */ = {isa = PBXBuildFile; fileRef = B072C7A81A509BC300A62FFD /* TaxCalculatorAppTests.m */; };
/* End PBXBuildFile section */

/* Begin PBXContainerItemProxy section */
		B072C7A31A509BC300A62FFD /* PBXContainerItemProxy */ = {
			isa = PBXContainerItemProxy;
			containerPortal = B072C7811A509BC300A62FFD /* Project object */;
			proxyType = 1;
			remoteGlobalIDString = B072C7881A509BC300A62FFD;
			remoteInfo = TaxCalculatorApp;
		};
/* End PBXContainerItemProxy section */

/* Begin PBXFileReference section */
		B072C7891A509BC300A62FFD /* TaxCalculatorApp.app */ = {isa = PBXFileReference; explicitFileType = wrapper.application; includeInIndex = 0; path = TaxCalculatorApp.app; sourceTree = BUILT_PRODUCTS_DIR; };
		B072C78D1A509BC300A62FFD /* Info.plist */ = {isa = PBXFileReference; lastKnownFileType = text.plist.xml; path = Info.plist; sourceTree = "<group>"; };
		B072C78E1A509BC300A62FFD /* main.m */ = {isa = PBXFileReference; lastKnownFileType = sourcecode.c.objc; path = main.m; sourceTree = "<group>"; };
		B072C7901A509BC300A62FFD /* AppDelegate.h */ = {isa = PBXFileReference; lastKnownFileType = sourcecode.c.h; path = AppDelegate.h; sourceTree = "<group>"; };
		B072C7911A509BC300A62FFD /* AppDelegate.m */ = {isa = PBXFileReference; lastKnownFileType = sourcecode.c.objc; path = AppDelegate.m; sourceTree = "<group>"; };
		B072C7931A509BC300A62FFD /* ViewController.h */ = {isa = PBXFileReference; lastKnownFileType = sourcecode.c.h; path = ViewController.h; sourceTree = "<group>"; };
		B072C7941A509BC300A62FFD /* ViewController.m */ = {isa = PBXFileReference; lastKnownFileType = sourcecode.c.objc; path = ViewController.m; sourceTree = "<group>"; };
		B072C7971A509BC300A62FFD /* Base */ = {isa = PBXFileReference; lastKnownFileType = file.storyboard; name = Base; path = Base.lproj/Main.storyboard; sourceTree = "<group>"; };
		B072C7991A509BC300A62FFD /* Images.xcassets */ = {isa = PBXFileReference; lastKnownFileType = folder.assetcatalog; path = Images.xcassets; sourceTree = "<group>"; };
		B072C79C1A509BC300A62FFD /* Base */ = {isa = PBXFileReference; lastKnownFileType = file.xib; name = Base; path = Base.lproj/LaunchScreen.xib; sourceTree = "<group>"; };
		B072C7A21A509BC300A62FFD /* TaxCalculatorAppTests.xctest */ = {isa = PBXFileReference; explicitFileType = wrapper.cfbundle; includeInIndex = 0; path = TaxCalculatorAppTests.xctest; sourceTree = BUILT_PRODUCTS_DIR; };
		B072C7A71A509BC300A62FFD /* Info.plist */ = {isa = PBXFileReference; lastKnownFileType = text.plist.xml; path = Info.plist; sourceTree = "<group>"; };
		B072C7A81A509BC300A62FFD /* TaxCalculatorAppTests.m */ = {isa = PBXFileReference; lastKnownFileType = sourcecode.c.objc; path = TaxCalculatorAppTests.m; sourceTree = "<group>"; };
/* End PBXFileReference section */

/* Begin PBXFrameworksBuildPhase section */
		B072C7861A509BC300A62FFD /* Frameworks */ = {
			isa = PBXFrameworksBuildPhase;
			buildActionMask = 2147483647;
			files = (
			);
			runOnlyForDeploymentPostprocessing = 0;
		};
		B072C79F1A509BC300A62FFD /* Frameworks */ = {
			isa = PBXFrameworksBuildPhase;
			buildActionMask = 2147483647;
			files = (
			);
			runOnlyForDeploymentPostprocessing = 0;
		};
/* End PBXFrameworksBuildPhase section */

/* Begin PBXGroup section */
		B072C7801A509BC300A62FFD = {
			isa = PBXGroup;
			children = (
				B072C78B1A509BC300A62FFD /* TaxCalculatorApp */,
				B072C7A51A509BC300A62FFD /* TaxCalculatorAppTests */,
				B072C78A1A509BC300A62FFD /* Products */,
			);
			sourceTree = "<group>";
		};
		B072C78A1A509BC300A62FFD /* Products */ = {
			isa = PBXGroup;
			children = (
				B072C7891A509BC300A62FFD /* TaxCalculatorApp.app */,
				B072C7A21A509BC300A62FFD /* TaxCalculatorAppTests.xctest */,
			);
			name = Products;
			sourceTree = "<group>";
		};
		B072C78B1A509BC300A62FFD /* TaxCalculatorApp */ = {
			isa = PBXGroup;
			children = (
				B072C7901A509BC300A62FFD /* AppDelegate.h */,
				B072C7911A509BC300A62FFD /* AppDelegate.m */,
				B072C7931A509BC300A62FFD /* ViewController.h */,
				B072C7941A509BC300A62FFD /* ViewController.m */,
				B072C7961A509BC300A62FFD /* Main.storyboard */,
				B072C7991A509BC300A62FFD /* Images.xcassets */,
				B072C79B1A509BC300A62FFD /* LaunchScreen.xib */,
				B072C78C1A509BC300A62FFD /* Supporting Files */,
			);
			path = TaxCalculatorApp;
			sourceTree = "<group>";
		};
		B072C78C1A509BC300A62FFD /* Supporting Files */ = {
			isa = PBXGroup;
			children = (
				B072C78D1A509BC300A62FFD /* Info.plist */,
				B072C78E1A509BC300A62FFD /* main.m */,
			);
			name = "Supporting Files";
			sourceTree = "<group>";
		};
		B072C7A51A509BC300A62FFD /* TaxCalculatorAppTests */ = {
			isa = PBXGroup;
			children = (
				B072C7A81A509BC300A62FFD /* TaxCalculatorAppTests.m */,
				B072C7A61A509BC300A62FFD /* Supporting Files */,
			);
			path = TaxCalculatorAppTests;
			sourceTree = "<group>";
		};
		B072C7A61A509BC300A62FFD /* Supporting Files */ = {
			isa = PBXGroup;
			children = (
				B072C7A71A509BC300A62FFD /* Info.plist */,
			);
			name = "Supporting Files";
			sourceTree = "<group>";
		};
/* End PBXGroup section */

/* Begin PBXNativeTarget section */
		B072C7881A509BC300A62FFD /* TaxCalculatorApp */ = {
			isa = PBXNativeTarget;
			buildConfigurationList = B072C7AC1A509BC300A62FFD /* Build configuration list for PBXNativeTarget "TaxCalculatorApp" */;
			buildPhases = (
				B072C7851A509BC300A62FFD /* Sources */,
				B072C7861A509BC300A62FFD /* Frameworks */,
				B072C7871A509BC300A62FFD /* Resources */,
			);
			buildRules = (
			);
			dependencies = (
			);
			name = TaxCalculatorApp;
			productName = TaxCalculatorApp;
			productReference = B072C7891A509BC300A62FFD /* TaxCalculatorApp.app */;
			productType = "com.apple.product-type.application";
		};
		B072C7A11A509BC300A62FFD /* TaxCalculatorAppTests */ = {
			isa = PBXNativeTarget;
			buildConfigurationList = B072C7AF1A509BC300A62FFD /* Build configuration list for PBXNativeTarget "TaxCalculatorAppTests" */;
			buildPhases = (
				B072C79E1A509BC300A62FFD /* Sources */,
				B072C79F1A509BC300A62FFD /* Frameworks */,
				B072C7A01A509BC300A62FFD /* Resources */,
			);
			buildRules = (
			);
			dependencies = (
				B072C7A41A509BC300A62FFD /* PBXTargetDependency */,
			);
			name = TaxCalculatorAppTests;
			productName = TaxCalculatorAppTests;
			productReference = B072C7A21A509BC300A62FFD /* TaxCalculatorAppTests.xctest */;
			productType = "com.apple.product-type.bundle.unit-test";
		};
/* End PBXNativeTarget section */

/* Begin PBXProject section */
		B072C7811A509BC300A62FFD /* Project object */ = {
			isa = PBXProject;
			attributes = {
				LastUpgradeCheck = 0610;
				ORGANIZATIONNAME = "Syed Amaanullah";
				TargetAttributes = {
					B072C7881A509BC300A62FFD = {
						CreatedOnToolsVersion = 6.1.1;
					};
					B072C7A11A509BC300A62FFD = {
						CreatedOnToolsVersion = 6.1.1;
						TestTargetID = B072C7881A509BC300A62FFD;
					};
				};
			};
			buildConfigurationList = B072C7841A509BC300A62FFD /* Build configuration list for PBXProject "TaxCalculatorApp" */;
			compatibilityVersion = "Xcode 3.2";
			developmentRegion = English;
			hasScannedForEncodings = 0;
			knownRegions = (
				en,
				Base,
			);
			mainGroup = B072C7801A509BC300A62FFD;
			productRefGroup = B072C78A1A509BC300A62FFD /* Products */;
			projectDirPath = "";
			projectRoot = "";
			targets = (
				B072C7881A509BC300A62FFD /* TaxCalculatorApp */,
				B072C7A11A509BC300A62FFD /* TaxCalculatorAppTests */,
			);
		};
/* End PBXProject section */

/* Begin PBXResourcesBuildPhase section */
		B072C7871A509BC300A62FFD /* Resources */ = {
			isa = PBXResourcesBuildPhase;
			buildActionMask = 2147483647;
			files = (
				B072C7981A509BC300A62FFD /* Main.storyboard in Resources */,
				B072C79D1A509BC300A62FFD /* LaunchScreen.xib in Resources */,
				B072C79A1A509BC300A62FFD /* Images.xcassets in Resources */,
			);
			runOnlyForDeploymentPostprocessing = 0;
		};
		B072C7A01A509BC300A62FFD /* Resources */ = {
			isa = PBXResourcesBuildPhase;
			buildActionMask = 2147483647;
			files = (
			);
			runOnlyForDeploymentPostprocessing = 0;
		};
/* End PBXResourcesBuildPhase section */

/* Begin PBXSourcesBuildPhase section */
		B072C7851A509BC300A62FFD /* Sources */ = {
			isa = PBXSourcesBuildPhase;
			buildActionMask = 2147483647;
			files = (
				B072C7951A509BC300A62FFD /* ViewController.m in Sources */,
				B072C7921A509BC300A62FFD /* AppDelegate.m in Sources */,
				B072C78F1A509BC300A62FFD /* main.m in Sources */,
			);
			runOnlyForDeploymentPostprocessing = 0;
		};
		B072C79E1A509BC300A62FFD /* Sources */ = {
			isa = PBXSourcesBuildPhase;
			buildActionMask = 2147483647;
			files = (
				B072C7A91A509BC300A62FFD /* TaxCalculatorAppTests.m in Sources */,
			);
			runOnlyForDeploymentPostprocessing = 0;
		};
/* End PBXSourcesBuildPhase section */

/* Begin PBXTargetDependency section */
		B072C7A41A509BC300A62FFD /* PBXTargetDependency */ = {
			isa = PBXTargetDependency;
			target = B072C7881A509BC300A62FFD /* TaxCalculatorApp */;
			targetProxy = B072C7A31A509BC300A62FFD /* PBXContainerItemProxy */;
		};
/* End PBXTargetDependency section */

/* Begin PBXVariantGroup section */
		B072C7961A509BC300A62FFD /* Main.storyboard */ = {
			isa = PBXVariantGroup;
			children = (
				B072C7971A509BC300A62FFD /* Base */,
			);
			name = Main.storyboard;
			sourceTree = "<group>";
		};
		B072C79B1A509BC300A62FFD /* LaunchScreen.xib */ = {
			isa = PBXVariantGroup;
			children = (
				B072C79C1A509BC300A62FFD /* Base */,
			);
			name = LaunchScreen.xib;
			sourceTree = "<group>";
		};
/* End PBXVariantGroup section */

/* Begin XCBuildConfiguration section */
		B072C7AA1A509BC300A62FFD /* Debug */ = {
			isa = XCBuildConfiguration;
			buildSettings = {
				ALWAYS_SEARCH_USER_PATHS = NO;
				CLANG_CXX_LANGUAGE_STANDARD = "gnu++0x";
				CLANG_CXX_LIBRARY = "libc++";
				CLANG_ENABLE_MODULES = YES;
				CLANG_ENABLE_OBJC_ARC = YES;
				CLANG_WARN_BOOL_CONVERSION = YES;
				CLANG_WARN_CONSTANT_CONVERSION = YES;
				CLANG_WARN_DIRECT_OBJC_ISA_USAGE = YES_ERROR;
				CLANG_WARN_EMPTY_BODY = YES;
				CLANG_WARN_ENUM_CONVERSION = YES;
				CLANG_WARN_INT_CONVERSION = YES;
				CLANG_WARN_OBJC_ROOT_CLASS = YES_ERROR;
				CLANG_WARN_UNREACHABLE_CODE = YES;
				CLANG_WARN__DUPLICATE_METHOD_MATCH = YES;
				"CODE_SIGN_IDENTITY[sdk=iphoneos*]" = "iPhone Developer";
				COPY_PHASE_STRIP = NO;
				ENABLE_STRICT_OBJC_MSGSEND = YES;
				GCC_C_LANGUAGE_STANDARD = gnu99;
				GCC_DYNAMIC_NO_PIC = NO;
				GCC_OPTIMIZATION_LEVEL = 0;
				GCC_PREPROCESSOR_DEFINITIONS = (
					"DEBUG=1",
					"$(inherited)",
				);
				GCC_SYMBOLS_PRIVATE_EXTERN = NO;
				GCC_WARN_64_TO_32_BIT_CONVERSION = YES;
				GCC_WARN_ABOUT_RETURN_TYPE = YES_ERROR;
				GCC_WARN_UNDECLARED_SELECTOR = YES;
				GCC_WARN_UNINITIALIZED_AUTOS = YES_AGGRESSIVE;
				GCC_WARN_UNUSED_FUNCTION = YES;
				GCC_WARN_UNUSED_VARIABLE = YES;
				IPHONEOS_DEPLOYMENT_TARGET = 8.1;
				MTL_ENABLE_DEBUG_INFO = YES;
				ONLY_ACTIVE_ARCH = YES;
				SDKROOT = iphoneos;
			};
			name = Debug;
		};
		B072C7AB1A509BC300A62FFD /* Release */ = {
			isa = XCBuildConfiguration;
			buildSettings = {
				ALWAYS_SEARCH_USER_PATHS = NO;
				CLANG_CXX_LANGUAGE_STANDARD = "gnu++0x";
				CLANG_CXX_LIBRARY = "libc++";
				CLANG_ENABLE_MODULES = YES;
				CLANG_ENABLE_OBJC_ARC = YES;
				CLANG_WARN_BOOL_CONVERSION = YES;
				CLANG_WARN_CONSTANT_CONVERSION = YES;
				CLANG_WARN_DIRECT_OBJC_ISA_USAGE = YES_ERROR;
				CLANG_WARN_EMPTY_BODY = YES;
				CLANG_WARN_ENUM_CONVERSION = YES;
				CLANG_WARN_INT_CONVERSION = YES;
				CLANG_WARN_OBJC_ROOT_CLASS = YES_ERROR;
				CLANG_WARN_UNREACHABLE_CODE = YES;
				CLANG_WARN__DUPLICATE_METHOD_MATCH = YES;
				"CODE_SIGN_IDENTITY[sdk=iphoneos*]" = "iPhone Developer";
				COPY_PHASE_STRIP = YES;
				ENABLE_NS_ASSERTIONS = NO;
				ENABLE_STRICT_OBJC_MSGSEND = YES;
				GCC_C_LANGUAGE_STANDARD = gnu99;
				GCC_WARN_64_TO_32_BIT_CONVERSION = YES;
				GCC_WARN_ABOUT_RETURN_TYPE = YES_ERROR;
				GCC_WARN_UNDECLARED_SELECTOR = YES;
				GCC_WARN_UNINITIALIZED_AUTOS = YES_AGGRESSIVE;
				GCC_WARN_UNUSED_FUNCTION = YES;
				GCC_WARN_UNUSED_VARIABLE = YES;
				IPHONEOS_DEPLOYMENT_TARGET = 8.1;
				MTL_ENABLE_DEBUG_INFO = NO;
				SDKROOT = iphoneos;
				VALIDATE_PRODUCT = YES;
			};
			name = Release;
		};
		B072C7AD1A509BC300A62FFD /* Debug */ = {
			isa = XCBuildConfiguration;
			buildSettings = {
				ASSETCATALOG_COMPILER_APPICON_NAME = AppIcon;
				INFOPLIST_FILE = TaxCalculatorApp/Info.plist;
				LD_RUNPATH_SEARCH_PATHS = "$(inherited) @executable_path/Frameworks";
				PRODUCT_NAME = TaxCalculatorApp;
			};
			name = Debug;
		};
		B072C7AE1A509BC300A62FFD /* Release */ = {
			isa = XCBuildConfiguration;
			buildSettings = {
				ASSETCATALOG_COMPILER_APPICON_NAME = AppIcon;
				INFOPLIST_FILE = TaxCalculatorApp/Info.plist;
				LD_RUNPATH_SEARCH_PATHS = "$(inherited) @executable_path/Frameworks";
				PRODUCT_NAME = TaxCalculatorApp;
			};
			name = Release;
		};
		B072C7B01A509BC300A62FFD /* Debug */ = {
			isa = XCBuildConfiguration;
			buildSettings = {
				BUNDLE_LOADER = "$(TEST_HOST)";
				FRAMEWORK_SEARCH_PATHS = (
					"$(SDKROOT)/Developer/Library/Frameworks",
					"$(inherited)",
				);
				GCC_PREPROCESSOR_DEFINITIONS = (
					"DEBUG=1",
					"$(inherited)",
				);
				INFOPLIST_FILE = TaxCalculatorAppTests/Info.plist;
				LD_RUNPATH_SEARCH_PATHS = "$(inherited) @executable_path/Frameworks @loader_path/Frameworks";
				PRODUCT_NAME = TaxCalculatorAppTests;
				TEST_HOST = "$(BUILT_PRODUCTS_DIR)/TaxCalculatorApp.app/TaxCalculatorApp";
			};
			name = Debug;
		};
		B072C7B11A509BC300A62FFD /* Release */ = {
			isa = XCBuildConfiguration;
			buildSettings = {
				BUNDLE_LOADER = "$(TEST_HOST)";
				FRAMEWORK_SEARCH_PATHS = (
					"$(SDKROOT)/Developer/Library/Frameworks",
					"$(inherited)",
				);
				INFOPLIST_FILE = TaxCalculatorAppTests/Info.plist;
				LD_RUNPATH_SEARCH_PATHS = "$(inherited) @executable_path/Frameworks @loader_path/Frameworks";
				PRODUCT_NAME = TaxCalculatorAppTests;
				TEST_HOST = "$(BUILT_PRODUCTS_DIR)/TaxCalculatorApp.app/TaxCalculatorApp";
			};
			name = Release;
		};
/* End XCBuildConfiguration section */

/* Begin XCConfigurationList section */
		B072C7841A509BC300A62FFD /* Build configuration list for PBXProject "TaxCalculatorApp" */ = {
			isa = XCConfigurationList;
			buildConfigurations = (
				B072C7AA1A509BC300A62FFD /* Debug */,
				B072C7AB1A509BC300A62FFD /* Release */,
			);
			defaultConfigurationIsVisible = 0;
			defaultConfigurationName = Release;
		};
		B072C7AC1A509BC300A62FFD /* Build configuration list for PBXNativeTarget "TaxCalculatorApp" */ = {
			isa = XCConfigurationList;
			buildConfigurations = (
				B072C7AD1A509BC300A62FFD /* Debug */,
				B072C7AE1A509BC300A62FFD /* Release */,
			);
			defaultConfigurationIsVisible = 0;
		};
		B072C7AF1A509BC300A62FFD /* Build configuration list for PBXNativeTarget "TaxCalculatorAppTests" */ = {
			isa = XCConfigurationList;
			buildConfigurations = (
				B072C7B01A509BC300A62FFD /* Debug */,
				B072C7B11A509BC300A62FFD /* Release */,
			);
			defaultConfigurationIsVisible = 0;
		};
/* End XCConfigurationList section */
	};
	rootObject = B072C7811A509BC300A62FFD /* Project object */;
}
